
Microsoft Visual Studio Solution File, Format Version 12.00
# Visual Studio Version 17
VisualStudioVersion = 17.2.32519.379
MinimumVisualStudioVersion = 10.0.40219.1
Project("{9A19103F-16F7-4668-BE54-9A1E7A4F7556}") = "Web", "Web\Web.csproj", "{EAED6B1F-90EC-4D41-A2AC-F15A412B0266}"
EndProject
Project("{2150E333-8FDC-42A3-9474-1A3956D46DE8}") = "src", "src", "{F5CC59FA-62D1-4FD6-B0BF-FE6FF3F3A27C}"
EndProject
Project("{9A19103F-16F7-4668-BE54-9A1E7A4F7556}") = "Infrastructure", "Infrastructure\Infrastructure.csproj", "{9A634117-E940-4C16-A9A2-5E6965D555FB}"
EndProject
Project("{9A19103F-16F7-4668-BE54-9A1E7A4F7556}") = "ApplicationCore", "ApplicationCore\ApplicationCore.csproj", "{4E8F711D-B7D8-443A-94D8-48F1A7FE2EED}"
EndProject
Global
	GlobalSection(SolutionConfigurationPlatforms) = preSolution
		Debug|Any CPU = Debug|Any CPU
		Release|Any CPU = Release|Any CPU
	EndGlobalSection
	GlobalSection(ProjectConfigurationPlatforms) = postSolution
		{EAED6B1F-90EC-4D41-A2AC-F15A412B0266}.Debug|Any CPU.ActiveCfg = Debug|Any CPU
		{EAED6B1F-90EC-4D41-A2AC-F15A412B0266}.Debug|Any CPU.Build.0 = Debug|Any CPU
		{EAED6B1F-90EC-4D41-A2AC-F15A412B0266}.Release|Any CPU.ActiveCfg = Release|Any CPU
		{EAED6B1F-90EC-4D41-A2AC-F15A412B0266}.Release|Any CPU.Build.0 = Release|Any CPU
		{9A634117-E940-4C16-A9A2-5E6965D555FB}.Debug|Any CPU.ActiveCfg = Debug|Any CPU
		{9A634117-E940-4C16-A9A2-5E6965D555FB}.Debug|Any CPU.Build.0 = Debug|Any CPU
		{9A634117-E940-4C16-A9A2-5E6965D555FB}.Release|Any CPU.ActiveCfg = Release|Any CPU
		{9A634117-E940-4C16-A9A2-5E6965D555FB}.Release|Any CPU.Build.0 = Release|Any CPU
		{4E8F711D-B7D8-443A-94D8-48F1A7FE2EED}.Debug|Any CPU.ActiveCfg = Debug|Any CPU
		{4E8F711D-B7D8-443A-94D8-48F1A7FE2EED}.Debug|Any CPU.Build.0 = Debug|Any CPU
		{4E8F711D-B7D8-443A-94D8-48F1A7FE2EED}.Release|Any CPU.ActiveCfg = Release|Any CPU
		{4E8F711D-B7D8-443A-94D8-48F1A7FE2EED}.Release|Any CPU.Build.0 = Release|Any CPU
	EndGlobalSection
	GlobalSection(SolutionProperties) = preSolution
		HideSolutionNode = FALSE
	EndGlobalSection
	GlobalSection(NestedProjects) = preSolution
		{EAED6B1F-90EC-4D41-A2AC-F15A412B0266} = {F5CC59FA-62D1-4FD6-B0BF-FE6FF3F3A27C}
		{9A634117-E940-4C16-A9A2-5E6965D555FB} = {F5CC59FA-62D1-4FD6-B0BF-FE6FF3F3A27C}
		{4E8F711D-B7D8-443A-94D8-48F1A7FE2EED} = {F5CC59FA-62D1-4FD6-B0BF-FE6FF3F3A27C}
	EndGlobalSection
	GlobalSection(ExtensibilityGlobals) = postSolution
		SolutionGuid = {0EDEE957-B6BD-46BF-A753-9A81085E9D8C}
	EndGlobalSection
EndGlobal
